
Microsoft Visual Studio Solution File, Format Version 12.00
# Visual Studio Version 16
VisualStudioVersion = 16.0.31605.320
MinimumVisualStudioVersion = 10.0.40219.1
Project("{9A19103F-16F7-4668-BE54-9A1E7A4F7556}") = "Primo", "Primo.csproj", "{B3F37EE4-E1E7-4559-B64E-55FE1C5D465E}"
EndProject
Global
	GlobalSection(SolutionConfigurationPlatforms) = preSolution
		Debug|Any CPU = Debug|Any CPU
		Release|Any CPU = Release|Any CPU
	EndGlobalSection
	GlobalSection(ProjectConfigurationPlatforms) = postSolution
		{B3F37EE4-E1E7-4559-B64E-55FE1C5D465E}.Debug|Any CPU.ActiveCfg = Debug|Any CPU
		{B3F37EE4-E1E7-4559-B64E-55FE1C5D465E}.Debug|Any CPU.Build.0 = Debug|Any CPU
		{B3F37EE4-E1E7-4559-B64E-55FE1C5D465E}.Release|Any CPU.ActiveCfg = Release|Any CPU
		{B3F37EE4-E1E7-4559-B64E-55FE1C5D465E}.Release|Any CPU.Build.0 = Release|Any CPU
	EndGlobalSection
	GlobalSection(SolutionProperties) = preSolution
		HideSolutionNode = FALSE
	EndGlobalSection
	GlobalSection(ExtensibilityGlobals) = postSolution
		SolutionGuid = {785DF30F-3970-412A-B684-AF188C2E661E}
	EndGlobalSection
EndGlobal
